Microsoft Visual Studio Solution File, Format Version 11.00
# Visual Studio 2008

Project("{72CD03E7-C6C7-C2F6-73D5-5956DB0B5CC5}") = "VRGUIExampleProject", "Assembly-CSharp-firstpass-vs.csproj", "{7FB44669-D696-4D37-1A02-0AB2F51A4977}"
EndProject
Project("{72CD03E7-C6C7-C2F6-73D5-5956DB0B5CC5}") = "VRGUIExampleProject", "Assembly-CSharp-vs.csproj", "{C869B09F-D152-7C9F-B399-70A9EB85A2A2}"
EndProject
Project("{72CD03E7-C6C7-C2F6-73D5-5956DB0B5CC5}") = "VRGUIExampleProject", "Assembly-CSharp-Editor-vs.csproj", "{4C8C6318-655D-A271-914E-C1DE6DE3E4CC}"
EndProject
Global
	GlobalSection(SolutionConfigurationPlatforms) = preSolution
		Debug|Any CPU = Debug|Any CPU
		Release|Any CPU = Release|Any CPU
	EndGlobalSection
	GlobalSection(ProjectConfigurationPlatforms) = postSolution
		{7FB44669-D696-4D37-1A02-0AB2F51A4977}.Debug|Any CPU.ActiveCfg = Debug|Any CPU
		{7FB44669-D696-4D37-1A02-0AB2F51A4977}.Debug|Any CPU.Build.0 = Debug|Any CPU
		{7FB44669-D696-4D37-1A02-0AB2F51A4977}.Release|Any CPU.ActiveCfg = Release|Any CPU
		{7FB44669-D696-4D37-1A02-0AB2F51A4977}.Release|Any CPU.Build.0 = Release|Any CPU
		{C869B09F-D152-7C9F-B399-70A9EB85A2A2}.Debug|Any CPU.ActiveCfg = Debug|Any CPU
		{C869B09F-D152-7C9F-B399-70A9EB85A2A2}.Debug|Any CPU.Build.0 = Debug|Any CPU
		{C869B09F-D152-7C9F-B399-70A9EB85A2A2}.Release|Any CPU.ActiveCfg = Release|Any CPU
		{C869B09F-D152-7C9F-B399-70A9EB85A2A2}.Release|Any CPU.Build.0 = Release|Any CPU
		{4C8C6318-655D-A271-914E-C1DE6DE3E4CC}.Debug|Any CPU.ActiveCfg = Debug|Any CPU
		{4C8C6318-655D-A271-914E-C1DE6DE3E4CC}.Debug|Any CPU.Build.0 = Debug|Any CPU
		{4C8C6318-655D-A271-914E-C1DE6DE3E4CC}.Release|Any CPU.ActiveCfg = Release|Any CPU
		{4C8C6318-655D-A271-914E-C1DE6DE3E4CC}.Release|Any CPU.Build.0 = Release|Any CPU
	EndGlobalSection
	GlobalSection(SolutionProperties) = preSolution
		HideSolutionNode = FALSE
	EndGlobalSection
																																																																									GlobalSection(MonoDevelopProperties) = preSolution
		StartupItem = Assembly-CSharp.csproj
		Policies = $0
		$0.TextStylePolicy = $1
		$1.inheritsSet = null
		$1.scope = text/x-csharp
		$0.CSharpFormattingPolicy = $2
		$2.inheritsSet = Mono
		$2.inheritsScope = text/x-csharp
		$2.scope = text/x-csharp
		$0.TextStylePolicy = $3
		$3.FileWidth = 120
		$3.TabWidth = 4
		$3.IndentWidth = 4
		$3.EolMarker = Unix
		$3.inheritsSet = Mono
		$3.inheritsScope = text/plain
		$3.scope = text/plain
	EndGlobalSection

EndGlobal
